{
  "name": "lancer-data-pt-br",
  "version": "1.2.1",
  "lockfileVersion": 3,
  "requires": true,
  "packages": {
    "": {
      "name": "lancer-data-pt-br",
      "version": "1.2.1",
      "license": "GPL-3.0-or-later",
      "dependencies": {
        "@massif/lancer-data": "^4.0.8"
      }
    },
    "node_modules/@massif/lancer-data": {
      "version": "4.0.8",
      "resolved": "https://registry.npmjs.org/@massif/lancer-data/-/lancer-data-4.0.8.tgz",
      "integrity": "sha512-CfB1nbixXu24OPXYIwAFhJtVfDeogyIHl4mLjgaDUMkIFgKdbMoTnKWRiFwT8mmimZbUczwjSAw0xg2xtkUOTw==",
      "license": "GPL-3.0-or-later"
    }
  }
}
